// !$*UTF8*$!
{
	archiveVersion = 1;
	classes = {
	};
	objectVersion = 56;
	objects = {

/* Begin PBXBuildFile section */
		8C7DD7E02B6B2B0F00820978 /* OpenGL.framework in Frameworks */ = {isa = PBXBuildFile; fileRef = 8C7DD7DF2B6B2B0F00820978 /* OpenGL.framework */; };
		8C7DD7E22B6B2BD300820978 /* libglfw.3.3.dylib in Frameworks */ = {isa = PBXBuildFile; fileRef = 8C7DD7E12B6B2BD300820978 /* libglfw.3.3.dylib */; };
		8C7DD7E42B6B2DF100820978 /* libGLEW.2.2.0.dylib in Frameworks */ = {isa = PBXBuildFile; fileRef = 8C7DD7E32B6B2DF100820978 /* libGLEW.2.2.0.dylib */; };
		8CA9DBD32B8A873100C442EE /* shader.frag in Resources */ = {isa = PBXBuildFile; fileRef = 8CA9DBCF2B8A873100C442EE /* shader.frag */; };
		8CA9DBD42B8A873100C442EE /* shadercolor.frag in Resources */ = {isa = PBXBuildFile; fileRef = 8CA9DBD02B8A873100C442EE /* shadercolor.frag */; };
		8CA9DBD52B8A873100C442EE /* shadercolor.vert in Resources */ = {isa = PBXBuildFile; fileRef = 8CA9DBD12B8A873100C442EE /* shadercolor.vert */; };
		8CA9DBD62B8A873100C442EE /* shader.vert in Resources */ = {isa = PBXBuildFile; fileRef = 8CA9DBD22B8A873100C442EE /* shader.vert */; };
		8CB698852B82B0940094714F /* main.cpp in Sources */ = {isa = PBXBuildFile; fileRef = 8CB698832B82B0940094714F /* main.cpp */; };
		8CB698882B82B1380094714F /* Mesh.cpp in Sources */ = {isa = PBXBuildFile; fileRef = 8CB698862B82B1380094714F /* Mesh.cpp */; };
		8CB6988B2B82B1870094714F /* Shader.cpp in Sources */ = {isa = PBXBuildFile; fileRef = 8CB698892B82B1870094714F /* Shader.cpp */; };
		8CB6988E2B82B1C80094714F /* Window.cpp in Sources */ = {isa = PBXBuildFile; fileRef = 8CB6988C2B82B1C80094714F /* Window.cpp */; };
/* End PBXBuildFile section */

/* Begin PBXCopyFilesBuildPhase section */
		8C7DD7D22B6B285300820978 /* CopyFiles */ = {
			isa = PBXCopyFilesBuildPhase;
			buildActionMask = 12;
			dstPath = /usr/share/man/man1/;
			dstSubfolderSpec = 0;
			files = (
			);
			runOnlyForDeploymentPostprocessing = 0;
		};
/* End PBXCopyFilesBuildPhase section */

/* Begin PBXFileReference section */
		8C7DD7D42B6B285300820978 /* Hello OpenGL */ = {isa = PBXFileReference; explicitFileType = "compiled.mach-o.executable"; includeInIndex = 0; path = "Hello OpenGL"; sourceTree = BUILT_PRODUCTS_DIR; };
		8C7DD7DF2B6B2B0F00820978 /* OpenGL.framework */ = {isa = PBXFileReference; lastKnownFileType = wrapper.framework; name = OpenGL.framework; path = System/Library/Frameworks/OpenGL.framework; sourceTree = SDKROOT; };
		8C7DD7E12B6B2BD300820978 /* libglfw.3.3.dylib */ = {isa = PBXFileReference; lastKnownFileType = "compiled.mach-o.dylib"; name = libglfw.3.3.dylib; path = ../../../../../../opt/homebrew/Cellar/glfw/3.3.9/lib/libglfw.3.3.dylib; sourceTree = "<group>"; };
		8C7DD7E32B6B2DF100820978 /* libGLEW.2.2.0.dylib */ = {isa = PBXFileReference; lastKnownFileType = "compiled.mach-o.dylib"; name = libGLEW.2.2.0.dylib; path = ../../../../../../opt/homebrew/Cellar/glew/2.2.0_1/lib/libGLEW.2.2.0.dylib; sourceTree = "<group>"; };
		8CA9DBCF2B8A873100C442EE /* shader.frag */ = {isa = PBXFileReference; fileEncoding = 4; lastKnownFileType = sourcecode.glsl; path = shader.frag; sourceTree = "<group>"; };
		8CA9DBD02B8A873100C442EE /* shadercolor.frag */ = {isa = PBXFileReference; fileEncoding = 4; lastKnownFileType = sourcecode.glsl; path = shadercolor.frag; sourceTree = "<group>"; };
		8CA9DBD12B8A873100C442EE /* shadercolor.vert */ = {isa = PBXFileReference; fileEncoding = 4; lastKnownFileType = sourcecode.glsl; path = shadercolor.vert; sourceTree = "<group>"; };
		8CA9DBD22B8A873100C442EE /* shader.vert */ = {isa = PBXFileReference; fileEncoding = 4; lastKnownFileType = sourcecode.glsl; path = shader.vert; sourceTree = "<group>"; };
		8CB698832B82B0940094714F /* main.cpp */ = {isa = PBXFileReference; lastKnownFileType = sourcecode.cpp.cpp; path = main.cpp; sourceTree = "<group>"; };
		8CB698842B82B0940094714F /* main.hpp */ = {isa = PBXFileReference; lastKnownFileType = sourcecode.cpp.h; path = main.hpp; sourceTree = "<group>"; };
		8CB698862B82B1380094714F /* Mesh.cpp */ = {isa = PBXFileReference; lastKnownFileType = sourcecode.cpp.cpp; path = Mesh.cpp; sourceTree = "<group>"; };
		8CB698872B82B1380094714F /* Mesh.hpp */ = {isa = PBXFileReference; lastKnownFileType = sourcecode.cpp.h; path = Mesh.hpp; sourceTree = "<group>"; };
		8CB698892B82B1870094714F /* Shader.cpp */ = {isa = PBXFileReference; lastKnownFileType = sourcecode.cpp.cpp; path = Shader.cpp; sourceTree = "<group>"; };
		8CB6988A2B82B1870094714F /* Shader.hpp */ = {isa = PBXFileReference; lastKnownFileType = sourcecode.cpp.h; path = Shader.hpp; sourceTree = "<group>"; };
		8CB6988C2B82B1C80094714F /* Window.cpp */ = {isa = PBXFileReference; lastKnownFileType = sourcecode.cpp.cpp; path = Window.cpp; sourceTree = "<group>"; };
		8CB6988D2B82B1C80094714F /* Window.hpp */ = {isa = PBXFileReference; lastKnownFileType = sourcecode.cpp.h; path = Window.hpp; sourceTree = "<group>"; };
/* End PBXFileReference section */

/* Begin PBXFrameworksBuildPhase section */
		8C7DD7D12B6B285300820978 /* Frameworks */ = {
			isa = PBXFrameworksBuildPhase;
			buildActionMask = 2147483647;
			files = (
				8C7DD7E42B6B2DF100820978 /* libGLEW.2.2.0.dylib in Frameworks */,
				8C7DD7E22B6B2BD300820978 /* libglfw.3.3.dylib in Frameworks */,
				8C7DD7E02B6B2B0F00820978 /* OpenGL.framework in Frameworks */,
			);
			runOnlyForDeploymentPostprocessing = 0;
		};
/* End PBXFrameworksBuildPhase section */

/* Begin PBXGroup section */
		8C7DD7CB2B6B285300820978 = {
			isa = PBXGroup;
			children = (
				8C7DD7D62B6B285300820978 /* Hello OpenGL */,
				8C7DD7D52B6B285300820978 /* Products */,
				8C7DD7DE2B6B2B0F00820978 /* Frameworks */,
			);
			sourceTree = "<group>";
		};
		8C7DD7D52B6B285300820978 /* Products */ = {
			isa = PBXGroup;
			children = (
				8C7DD7D42B6B285300820978 /* Hello OpenGL */,
			);
			name = Products;
			sourceTree = "<group>";
		};
		8C7DD7D62B6B285300820978 /* Hello OpenGL */ = {
			isa = PBXGroup;
			children = (
				8CA9DBCF2B8A873100C442EE /* shader.frag */,
				8CA9DBD22B8A873100C442EE /* shader.vert */,
				8CA9DBD02B8A873100C442EE /* shadercolor.frag */,
				8CA9DBD12B8A873100C442EE /* shadercolor.vert */,
				8CB698832B82B0940094714F /* main.cpp */,
				8CB6988C2B82B1C80094714F /* Window.cpp */,
				8CB6988D2B82B1C80094714F /* Window.hpp */,
				8CB698892B82B1870094714F /* Shader.cpp */,
				8CB6988A2B82B1870094714F /* Shader.hpp */,
				8CB698842B82B0940094714F /* main.hpp */,
				8CB698862B82B1380094714F /* Mesh.cpp */,
				8CB698872B82B1380094714F /* Mesh.hpp */,
			);
			path = "Hello OpenGL";
			sourceTree = "<group>";
		};
		8C7DD7DE2B6B2B0F00820978 /* Frameworks */ = {
			isa = PBXGroup;
			children = (
				8C7DD7E32B6B2DF100820978 /* libGLEW.2.2.0.dylib */,
				8C7DD7E12B6B2BD300820978 /* libglfw.3.3.dylib */,
				8C7DD7DF2B6B2B0F00820978 /* OpenGL.framework */,
			);
			name = Frameworks;
			sourceTree = "<group>";
		};
/* End PBXGroup section */

/* Begin PBXNativeTarget section */
		8C7DD7D32B6B285300820978 /* Hello OpenGL */ = {
			isa = PBXNativeTarget;
			buildConfigurationList = 8C7DD7DB2B6B285300820978 /* Build configuration list for PBXNativeTarget "Hello OpenGL" */;
			buildPhases = (
				8C7DD7D02B6B285300820978 /* Sources */,
				8C7DD7D12B6B285300820978 /* Frameworks */,
				8C7DD7D22B6B285300820978 /* CopyFiles */,
				8CB698AF2B82D3400094714F /* Resources */,
			);
			buildRules = (
			);
			dependencies = (
			);
			name = "Hello OpenGL";
			productName = "Hello OpenGL";
			productReference = 8C7DD7D42B6B285300820978 /* Hello OpenGL */;
			productType = "com.apple.product-type.tool";
		};
/* End PBXNativeTarget section */

/* Begin PBXProject section */
		8C7DD7CC2B6B285300820978 /* Project object */ = {
			isa = PBXProject;
			attributes = {
				BuildIndependentTargetsInParallel = 1;
				LastUpgradeCheck = 1420;
				TargetAttributes = {
					8C7DD7D32B6B285300820978 = {
						CreatedOnToolsVersion = 14.2;
					};
				};
			};
			buildConfigurationList = 8C7DD7CF2B6B285300820978 /* Build configuration list for PBXProject "Hello OpenGL" */;
			compatibilityVersion = "Xcode 14.0";
			developmentRegion = en;
			hasScannedForEncodings = 0;
			knownRegions = (
				en,
				Base,
			);
			mainGroup = 8C7DD7CB2B6B285300820978;
			productRefGroup = 8C7DD7D52B6B285300820978 /* Products */;
			projectDirPath = "";
			projectRoot = "";
			targets = (
				8C7DD7D32B6B285300820978 /* Hello OpenGL */,
			);
		};
/* End PBXProject section */

/* Begin PBXResourcesBuildPhase section */
		8CB698AF2B82D3400094714F /* Resources */ = {
			isa = PBXResourcesBuildPhase;
			buildActionMask = 2147483647;
			files = (
				8CA9DBD52B8A873100C442EE /* shadercolor.vert in Resources */,
				8CA9DBD62B8A873100C442EE /* shader.vert in Resources */,
				8CA9DBD42B8A873100C442EE /* shadercolor.frag in Resources */,
				8CA9DBD32B8A873100C442EE /* shader.frag in Resources */,
			);
			runOnlyForDeploymentPostprocessing = 0;
		};
/* End PBXResourcesBuildPhase section */

/* Begin PBXSourcesBuildPhase section */
		8C7DD7D02B6B285300820978 /* Sources */ = {
			isa = PBXSourcesBuildPhase;
			buildActionMask = 2147483647;
			files = (
				8CB698882B82B1380094714F /* Mesh.cpp in Sources */,
				8CB6988B2B82B1870094714F /* Shader.cpp in Sources */,
				8CB698852B82B0940094714F /* main.cpp in Sources */,
				8CB6988E2B82B1C80094714F /* Window.cpp in Sources */,
			);
			runOnlyForDeploymentPostprocessing = 0;
		};
/* End PBXSourcesBuildPhase section */

/* Begin XCBuildConfiguration section */
		8C7DD7D92B6B285300820978 /* Debug */ = {
			isa = XCBuildConfiguration;
			buildSettings = {
				ALWAYS_SEARCH_USER_PATHS = NO;
				CLANG_ANALYZER_NONNULL = YES;
				CLANG_ANALYZER_NUMBER_OBJECT_CONVERSION = YES_AGGRESSIVE;
				CLANG_CXX_LANGUAGE_STANDARD = "gnu++20";
				CLANG_ENABLE_MODULES = YES;
				CLANG_ENABLE_OBJC_ARC = YES;
				CLANG_ENABLE_OBJC_WEAK = YES;
				CLANG_WARN_BLOCK_CAPTURE_AUTORELEASING = YES;
				CLANG_WARN_BOOL_CONVERSION = YES;
				CLANG_WARN_COMMA = YES;
				CLANG_WARN_CONSTANT_CONVERSION = YES;
				CLANG_WARN_DEPRECATED_OBJC_IMPLEMENTATIONS = YES;
				CLANG_WARN_DIRECT_OBJC_ISA_USAGE = YES_ERROR;
				CLANG_WARN_DOCUMENTATION_COMMENTS = YES;
				CLANG_WARN_EMPTY_BODY = YES;
				CLANG_WARN_ENUM_CONVERSION = YES;
				CLANG_WARN_INFINITE_RECURSION = YES;
				CLANG_WARN_INT_CONVERSION = YES;
				CLANG_WARN_NON_LITERAL_NULL_CONVERSION = YES;
				CLANG_WARN_OBJC_IMPLICIT_RETAIN_SELF = YES;
				CLANG_WARN_OBJC_LITERAL_CONVERSION = YES;
				CLANG_WARN_OBJC_ROOT_CLASS = YES_ERROR;
				CLANG_WARN_QUOTED_INCLUDE_IN_FRAMEWORK_HEADER = YES;
				CLANG_WARN_RANGE_LOOP_ANALYSIS = YES;
				CLANG_WARN_STRICT_PROTOTYPES = YES;
				CLANG_WARN_SUSPICIOUS_MOVE = YES;
				CLANG_WARN_UNGUARDED_AVAILABILITY = YES_AGGRESSIVE;
				CLANG_WARN_UNREACHABLE_CODE = YES;
				CLANG_WARN__DUPLICATE_METHOD_MATCH = YES;
				COPY_PHASE_STRIP = NO;
				DEBUG_INFORMATION_FORMAT = dwarf;
				ENABLE_STRICT_OBJC_MSGSEND = YES;
				ENABLE_TESTABILITY = YES;
				GCC_C_LANGUAGE_STANDARD = gnu11;
				GCC_DYNAMIC_NO_PIC = NO;
				GCC_NO_COMMON_BLOCKS = YES;
				GCC_OPTIMIZATION_LEVEL = 0;
				GCC_PREPROCESSOR_DEFINITIONS = (
					"DEBUG=1",
					"$(inherited)",
				);
				GCC_WARN_64_TO_32_BIT_CONVERSION = YES;
				GCC_WARN_ABOUT_RETURN_TYPE = YES_ERROR;
				GCC_WARN_UNDECLARED_SELECTOR = YES;
				GCC_WARN_UNINITIALIZED_AUTOS = YES_AGGRESSIVE;
				GCC_WARN_UNUSED_FUNCTION = YES;
				GCC_WARN_UNUSED_VARIABLE = YES;
				MACOSX_DEPLOYMENT_TARGET = 12.6;
				MTL_ENABLE_DEBUG_INFO = INCLUDE_SOURCE;
				MTL_FAST_MATH = YES;
				ONLY_ACTIVE_ARCH = YES;
				SDKROOT = macosx;
			};
			name = Debug;
		};
		8C7DD7DA2B6B285300820978 /* Release */ = {
			isa = XCBuildConfiguration;
			buildSettings = {
				ALWAYS_SEARCH_USER_PATHS = NO;
				CLANG_ANALYZER_NONNULL = YES;
				CLANG_ANALYZER_NUMBER_OBJECT_CONVERSION = YES_AGGRESSIVE;
				CLANG_CXX_LANGUAGE_STANDARD = "gnu++20";
				CLANG_ENABLE_MODULES = YES;
				CLANG_ENABLE_OBJC_ARC = YES;
				CLANG_ENABLE_OBJC_WEAK = YES;
				CLANG_WARN_BLOCK_CAPTURE_AUTORELEASING = YES;
				CLANG_WARN_BOOL_CONVERSION = YES;
				CLANG_WARN_COMMA = YES;
				CLANG_WARN_CONSTANT_CONVERSION = YES;
				CLANG_WARN_DEPRECATED_OBJC_IMPLEMENTATIONS = YES;
				CLANG_WARN_DIRECT_OBJC_ISA_USAGE = YES_ERROR;
				CLANG_WARN_DOCUMENTATION_COMMENTS = YES;
				CLANG_WARN_EMPTY_BODY = YES;
				CLANG_WARN_ENUM_CONVERSION = YES;
				CLANG_WARN_INFINITE_RECURSION = YES;
				CLANG_WARN_INT_CONVERSION = YES;
				CLANG_WARN_NON_LITERAL_NULL_CONVERSION = YES;
				CLANG_WARN_OBJC_IMPLICIT_RETAIN_SELF = YES;
				CLANG_WARN_OBJC_LITERAL_CONVERSION = YES;
				CLANG_WARN_OBJC_ROOT_CLASS = YES_ERROR;
				CLANG_WARN_QUOTED_INCLUDE_IN_FRAMEWORK_HEADER = YES;
				CLANG_WARN_RANGE_LOOP_ANALYSIS = YES;
				CLANG_WARN_STRICT_PROTOTYPES = YES;
				CLANG_WARN_SUSPICIOUS_MOVE = YES;
				CLANG_WARN_UNGUARDED_AVAILABILITY = YES_AGGRESSIVE;
				CLANG_WARN_UNREACHABLE_CODE = YES;
				CLANG_WARN__DUPLICATE_METHOD_MATCH = YES;
				COPY_PHASE_STRIP = NO;
				DEBUG_INFORMATION_FORMAT = "dwarf-with-dsym";
				ENABLE_NS_ASSERTIONS = NO;
				ENABLE_STRICT_OBJC_MSGSEND = YES;
				GCC_C_LANGUAGE_STANDARD = gnu11;
				GCC_NO_COMMON_BLOCKS = YES;
				GCC_WARN_64_TO_32_BIT_CONVERSION = YES;
				GCC_WARN_ABOUT_RETURN_TYPE = YES_ERROR;
				GCC_WARN_UNDECLARED_SELECTOR = YES;
				GCC_WARN_UNINITIALIZED_AUTOS = YES_AGGRESSIVE;
				GCC_WARN_UNUSED_FUNCTION = YES;
				GCC_WARN_UNUSED_VARIABLE = YES;
				MACOSX_DEPLOYMENT_TARGET = 12.6;
				MTL_ENABLE_DEBUG_INFO = NO;
				MTL_FAST_MATH = YES;
				SDKROOT = macosx;
			};
			name = Release;
		};
		8C7DD7DC2B6B285300820978 /* Debug */ = {
			isa = XCBuildConfiguration;
			buildSettings = {
				CODE_SIGN_IDENTITY = "-";
				CODE_SIGN_STYLE = Automatic;
				HEADER_SEARCH_PATHS = (
					/opt/homebrew/Cellar/glfw/3.3.9/include/GLFW,
					/opt/homebrew/Cellar/glew/2.2.0_1/include/GL,
					"/Users/manuelrodriguezurda/Documents/UNAM/8_CompuGráfica/glm-1.0.0/glm",
				);
				LIBRARY_SEARCH_PATHS = (
					"$(inherited)",
					/opt/homebrew/Cellar/glfw/3.3.9/lib,
					/opt/homebrew/Cellar/glew/2.2.0_1/lib,
				);
				PRODUCT_NAME = "$(TARGET_NAME)";
			};
			name = Debug;
		};
		8C7DD7DD2B6B285300820978 /* Release */ = {
			isa = XCBuildConfiguration;
			buildSettings = {
				CODE_SIGN_IDENTITY = "-";
				CODE_SIGN_STYLE = Automatic;
				HEADER_SEARCH_PATHS = (
					/opt/homebrew/Cellar/glfw/3.3.9/include/GLFW,
					/opt/homebrew/Cellar/glew/2.2.0_1/include/GL,
					"/Users/manuelrodriguezurda/Documents/UNAM/8_CompuGráfica/glm-1.0.0/glm",
				);
				LIBRARY_SEARCH_PATHS = (
					"$(inherited)",
					/opt/homebrew/Cellar/glfw/3.3.9/lib,
					/opt/homebrew/Cellar/glew/2.2.0_1/lib,
				);
				PRODUCT_NAME = "$(TARGET_NAME)";
			};
			name = Release;
		};
/* End XCBuildConfiguration section */

/* Begin XCConfigurationList section */
		8C7DD7CF2B6B285300820978 /* Build configuration list for PBXProject "Hello OpenGL" */ = {
			isa = XCConfigurationList;
			buildConfigurations = (
				8C7DD7D92B6B285300820978 /* Debug */,
				8C7DD7DA2B6B285300820978 /* Release */,
			);
			defaultConfigurationIsVisible = 0;
			defaultConfigurationName = Release;
		};
		8C7DD7DB2B6B285300820978 /* Build configuration list for PBXNativeTarget "Hello OpenGL" */ = {
			isa = XCConfigurationList;
			buildConfigurations = (
				8C7DD7DC2B6B285300820978 /* Debug */,
				8C7DD7DD2B6B285300820978 /* Release */,
			);
			defaultConfigurationIsVisible = 0;
			defaultConfigurationName = Release;
		};
/* End XCConfigurationList section */
	};
	rootObject = 8C7DD7CC2B6B285300820978 /* Project object */;
}
